
Microsoft Visual Studio Solution File, Format Version 12.00
# Visual Studio Version 17
VisualStudioVersion = 17.0.31903.59
MinimumVisualStudioVersion = 10.0.40219.1
Project("{FAE04EC0-301F-11D3-BF4B-00C04F79EFBC}") = "InstitutoVirtusApp.API", "InstitutoVirtusApp.API\InstitutoVirtusApp.API.csproj", "{A0D464FD-AF0A-40A9-969F-CF535453E5AC}"
EndProject
Project("{FAE04EC0-301F-11D3-BF4B-00C04F79EFBC}") = "InstitutoVirtusApp.Application", "InstitutoVirtusApp.Application\InstitutoVirtusApp.Application.csproj", "{4CA9DE85-2C6E-4653-9EA8-4BFAE1AFA639}"
EndProject
Project("{FAE04EC0-301F-11D3-BF4B-00C04F79EFBC}") = "InstitutoVirtusApp.Domain", "InstitutoVirtusApp.Domain\InstitutoVirtusApp.Domain.csproj", "{2BB79D61-16B7-493D-B1BE-EAA816FC7FAF}"
EndProject
Project("{FAE04EC0-301F-11D3-BF4B-00C04F79EFBC}") = "InstitutoVirtusApp.Infrastructure", "InstitutoVirtusApp.Infrastructure\InstitutoVirtusApp.Infrastructure.csproj", "{65D5BF01-036C-4893-A85A-5EE61B3366DD}"
EndProject
Global
	GlobalSection(SolutionConfigurationPlatforms) = preSolution
		Debug|Any CPU = Debug|Any CPU
		Release|Any CPU = Release|Any CPU
	EndGlobalSection
	GlobalSection(SolutionProperties) = preSolution
		HideSolutionNode = FALSE
	EndGlobalSection
	GlobalSection(ProjectConfigurationPlatforms) = postSolution
		{A0D464FD-AF0A-40A9-969F-CF535453E5AC}.Debug|Any CPU.ActiveCfg = Debug|Any CPU
		{A0D464FD-AF0A-40A9-969F-CF535453E5AC}.Debug|Any CPU.Build.0 = Debug|Any CPU
		{A0D464FD-AF0A-40A9-969F-CF535453E5AC}.Release|Any CPU.ActiveCfg = Release|Any CPU
		{A0D464FD-AF0A-40A9-969F-CF535453E5AC}.Release|Any CPU.Build.0 = Release|Any CPU
		{4CA9DE85-2C6E-4653-9EA8-4BFAE1AFA639}.Debug|Any CPU.ActiveCfg = Debug|Any CPU
		{4CA9DE85-2C6E-4653-9EA8-4BFAE1AFA639}.Debug|Any CPU.Build.0 = Debug|Any CPU
		{4CA9DE85-2C6E-4653-9EA8-4BFAE1AFA639}.Release|Any CPU.ActiveCfg = Release|Any CPU
		{4CA9DE85-2C6E-4653-9EA8-4BFAE1AFA639}.Release|Any CPU.Build.0 = Release|Any CPU
		{2BB79D61-16B7-493D-B1BE-EAA816FC7FAF}.Debug|Any CPU.ActiveCfg = Debug|Any CPU
		{2BB79D61-16B7-493D-B1BE-EAA816FC7FAF}.Debug|Any CPU.Build.0 = Debug|Any CPU
		{2BB79D61-16B7-493D-B1BE-EAA816FC7FAF}.Release|Any CPU.ActiveCfg = Release|Any CPU
		{2BB79D61-16B7-493D-B1BE-EAA816FC7FAF}.Release|Any CPU.Build.0 = Release|Any CPU
		{65D5BF01-036C-4893-A85A-5EE61B3366DD}.Debug|Any CPU.ActiveCfg = Debug|Any CPU
		{65D5BF01-036C-4893-A85A-5EE61B3366DD}.Debug|Any CPU.Build.0 = Debug|Any CPU
		{65D5BF01-036C-4893-A85A-5EE61B3366DD}.Release|Any CPU.ActiveCfg = Release|Any CPU
		{65D5BF01-036C-4893-A85A-5EE61B3366DD}.Release|Any CPU.Build.0 = Release|Any CPU
	EndGlobalSection
EndGlobal
